
Microsoft Visual Studio Solution File, Format Version 12.00
# Visual Studio 15
VisualStudioVersion = 15.0.26730.16
MinimumVisualStudioVersion = 10.0.40219.1
Project("{FAE04EC0-301F-11D3-BF4B-00C04F79EFBC}") = "SlowWritten", "ConsoleApp5\SlowWritten.csproj", "{5F755038-C9F3-4292-A0B9-62D5AA59FD4D}"
EndProject
Global
	GlobalSection(SolutionConfigurationPlatforms) = preSolution
		Debug|Any CPU = Debug|Any CPU
		Release|Any CPU = Release|Any CPU
	EndGlobalSection
	GlobalSection(ProjectConfigurationPlatforms) = postSolution
		{5F755038-C9F3-4292-A0B9-62D5AA59FD4D}.Debug|Any CPU.ActiveCfg = Debug|Any CPU
		{5F755038-C9F3-4292-A0B9-62D5AA59FD4D}.Debug|Any CPU.Build.0 = Debug|Any CPU
		{5F755038-C9F3-4292-A0B9-62D5AA59FD4D}.Release|Any CPU.ActiveCfg = Release|Any CPU
		{5F755038-C9F3-4292-A0B9-62D5AA59FD4D}.Release|Any CPU.Build.0 = Release|Any CPU
	EndGlobalSection
	GlobalSection(SolutionProperties) = preSolution
		HideSolutionNode = FALSE
	EndGlobalSection
	GlobalSection(ExtensibilityGlobals) = postSolution
		SolutionGuid = {57C1C988-4606-4E6E-B987-24405E6FD27B}
	EndGlobalSection
EndGlobal
